
Microsoft Visual Studio Solution File, Format Version 12.00
# Visual Studio 15
VisualStudioVersion = 15.0.28307.1267
MinimumVisualStudioVersion = 10.0.40219.1
Project("{FAE04EC0-301F-11D3-BF4B-00C04F79EFBC}") = "Laba2DataBase", "Laba2DataBase\Laba2DataBase.csproj", "{80F8C06D-BE3B-40D5-842B-6B55747CECD0}"
EndProject
Global
	GlobalSection(SolutionConfigurationPlatforms) = preSolution
		Debug|Any CPU = Debug|Any CPU
		Release|Any CPU = Release|Any CPU
	EndGlobalSection
	GlobalSection(ProjectConfigurationPlatforms) = postSolution
		{80F8C06D-BE3B-40D5-842B-6B55747CECD0}.Debug|Any CPU.ActiveCfg = Debug|Any CPU
		{80F8C06D-BE3B-40D5-842B-6B55747CECD0}.Debug|Any CPU.Build.0 = Debug|Any CPU
		{80F8C06D-BE3B-40D5-842B-6B55747CECD0}.Release|Any CPU.ActiveCfg = Release|Any CPU
		{80F8C06D-BE3B-40D5-842B-6B55747CECD0}.Release|Any CPU.Build.0 = Release|Any CPU
	EndGlobalSection
	GlobalSection(SolutionProperties) = preSolution
		HideSolutionNode = FALSE
	EndGlobalSection
	GlobalSection(ExtensibilityGlobals) = postSolution
		SolutionGuid = {272AA609-AB50-4DE0-8B3C-805078AD631A}
	EndGlobalSection
EndGlobal
